
Microsoft Visual Studio Solution File, Format Version 12.00
# Visual Studio 15
VisualStudioVersion = 15.0.27004.2002
MinimumVisualStudioVersion = 10.0.40219.1
Project("{FAE04EC0-301F-11D3-BF4B-00C04F79EFBC}") = "Valoraciones", "Valoraciones\Valoraciones.csproj", "{D7479F50-44F5-4D62-A847-E58358258501}"
EndProject
Project("{FAE04EC0-301F-11D3-BF4B-00C04F79EFBC}") = "ValoracionesTest", "ValoracionesTest\ValoracionesTest.csproj", "{7B04CF36-C5CD-475E-81A4-2E8E08680F17}"
EndProject
Global
	GlobalSection(SolutionConfigurationPlatforms) = preSolution
		Debug|Any CPU = Debug|Any CPU
		Release|Any CPU = Release|Any CPU
	EndGlobalSection
	GlobalSection(ProjectConfigurationPlatforms) = postSolution
		{D7479F50-44F5-4D62-A847-E58358258501}.Debug|Any CPU.ActiveCfg = Debug|Any CPU
		{D7479F50-44F5-4D62-A847-E58358258501}.Debug|Any CPU.Build.0 = Debug|Any CPU
		{D7479F50-44F5-4D62-A847-E58358258501}.Release|Any CPU.ActiveCfg = Release|Any CPU
		{D7479F50-44F5-4D62-A847-E58358258501}.Release|Any CPU.Build.0 = Release|Any CPU
		{7B04CF36-C5CD-475E-81A4-2E8E08680F17}.Debug|Any CPU.ActiveCfg = Debug|Any CPU
		{7B04CF36-C5CD-475E-81A4-2E8E08680F17}.Debug|Any CPU.Build.0 = Debug|Any CPU
		{7B04CF36-C5CD-475E-81A4-2E8E08680F17}.Release|Any CPU.ActiveCfg = Release|Any CPU
		{7B04CF36-C5CD-475E-81A4-2E8E08680F17}.Release|Any CPU.Build.0 = Release|Any CPU
	EndGlobalSection
	GlobalSection(SolutionProperties) = preSolution
		HideSolutionNode = FALSE
	EndGlobalSection
	GlobalSection(ExtensibilityGlobals) = postSolution
		SolutionGuid = {E3E440A5-937D-4E2C-B200-786EBA4EF4A3}
	EndGlobalSection
EndGlobal
